
Microsoft Visual Studio Solution File, Format Version 12.00
# Visual Studio Version 17
VisualStudioVersion = 17.0.31903.59
MinimumVisualStudioVersion = 10.0.40219.1
Project("{2150E333-8FDC-42A3-9474-1A3956D46DE8}") = "src", "src", "{FEFC085F-F6C8-4E7A-A2D9-FC832D4107ED}"
EndProject
Project("{FAE04EC0-301F-11D3-BF4B-00C04F79EFBC}") = "MP.Core.Domain", "src\MP.Core.Domain\MP.Core.Domain.csproj", "{914EAF54-382C-4425-8A9F-5CD27E3209CE}"
EndProject
Project("{FAE04EC0-301F-11D3-BF4B-00C04F79EFBC}") = "MP.Core.Application", "src\MP.Core.Application\MP.Core.Application.csproj", "{AF4A30AC-14C0-4FA5-BE02-0552830C47E6}"
EndProject
Project("{FAE04EC0-301F-11D3-BF4B-00C04F79EFBC}") = "MP.Core.Infra.Data", "src\MP.Core.Infra.Data\MP.Core.Infra.Data.csproj", "{C73B309F-DC93-42A6-897E-C4213C2E4CEA}"
EndProject
Project("{FAE04EC0-301F-11D3-BF4B-00C04F79EFBC}") = "MP.Core.Infra.IoC", "src\MP.Core.Infra.IoC\MP.Core.Infra.IoC.csproj", "{8C5AAC27-F699-4159-BC5B-97DDBB4248A4}"
EndProject
Project("{FAE04EC0-301F-11D3-BF4B-00C04F79EFBC}") = "MP.Core.Api", "src\MP.Core.Api\MP.Core.Api.csproj", "{93846F86-A643-48D9-B75C-9290D471369D}"
EndProject
Global
	GlobalSection(SolutionConfigurationPlatforms) = preSolution
		Debug|Any CPU = Debug|Any CPU
		Release|Any CPU = Release|Any CPU
	EndGlobalSection
	GlobalSection(ProjectConfigurationPlatforms) = postSolution
		{914EAF54-382C-4425-8A9F-5CD27E3209CE}.Debug|Any CPU.ActiveCfg = Debug|Any CPU
		{914EAF54-382C-4425-8A9F-5CD27E3209CE}.Debug|Any CPU.Build.0 = Debug|Any CPU
		{914EAF54-382C-4425-8A9F-5CD27E3209CE}.Release|Any CPU.ActiveCfg = Release|Any CPU
		{914EAF54-382C-4425-8A9F-5CD27E3209CE}.Release|Any CPU.Build.0 = Release|Any CPU
		{AF4A30AC-14C0-4FA5-BE02-0552830C47E6}.Debug|Any CPU.ActiveCfg = Debug|Any CPU
		{AF4A30AC-14C0-4FA5-BE02-0552830C47E6}.Debug|Any CPU.Build.0 = Debug|Any CPU
		{AF4A30AC-14C0-4FA5-BE02-0552830C47E6}.Release|Any CPU.ActiveCfg = Release|Any CPU
		{AF4A30AC-14C0-4FA5-BE02-0552830C47E6}.Release|Any CPU.Build.0 = Release|Any CPU
		{C73B309F-DC93-42A6-897E-C4213C2E4CEA}.Debug|Any CPU.ActiveCfg = Debug|Any CPU
		{C73B309F-DC93-42A6-897E-C4213C2E4CEA}.Debug|Any CPU.Build.0 = Debug|Any CPU
		{C73B309F-DC93-42A6-897E-C4213C2E4CEA}.Release|Any CPU.ActiveCfg = Release|Any CPU
		{C73B309F-DC93-42A6-897E-C4213C2E4CEA}.Release|Any CPU.Build.0 = Release|Any CPU
		{8C5AAC27-F699-4159-BC5B-97DDBB4248A4}.Debug|Any CPU.ActiveCfg = Debug|Any CPU
		{8C5AAC27-F699-4159-BC5B-97DDBB4248A4}.Debug|Any CPU.Build.0 = Debug|Any CPU
		{8C5AAC27-F699-4159-BC5B-97DDBB4248A4}.Release|Any CPU.ActiveCfg = Release|Any CPU
		{8C5AAC27-F699-4159-BC5B-97DDBB4248A4}.Release|Any CPU.Build.0 = Release|Any CPU
		{93846F86-A643-48D9-B75C-9290D471369D}.Debug|Any CPU.ActiveCfg = Debug|Any CPU
		{93846F86-A643-48D9-B75C-9290D471369D}.Debug|Any CPU.Build.0 = Debug|Any CPU
		{93846F86-A643-48D9-B75C-9290D471369D}.Release|Any CPU.ActiveCfg = Release|Any CPU
		{93846F86-A643-48D9-B75C-9290D471369D}.Release|Any CPU.Build.0 = Release|Any CPU
	EndGlobalSection
	GlobalSection(SolutionProperties) = preSolution
		HideSolutionNode = FALSE
	EndGlobalSection
	GlobalSection(NestedProjects) = preSolution
		{914EAF54-382C-4425-8A9F-5CD27E3209CE} = {FEFC085F-F6C8-4E7A-A2D9-FC832D4107ED}
		{AF4A30AC-14C0-4FA5-BE02-0552830C47E6} = {FEFC085F-F6C8-4E7A-A2D9-FC832D4107ED}
		{C73B309F-DC93-42A6-897E-C4213C2E4CEA} = {FEFC085F-F6C8-4E7A-A2D9-FC832D4107ED}
		{8C5AAC27-F699-4159-BC5B-97DDBB4248A4} = {FEFC085F-F6C8-4E7A-A2D9-FC832D4107ED}
		{93846F86-A643-48D9-B75C-9290D471369D} = {FEFC085F-F6C8-4E7A-A2D9-FC832D4107ED}
	EndGlobalSection
	GlobalSection(ExtensibilityGlobals) = postSolution
		SolutionGuid = {660F0B7C-0864-4607-9DF1-C347081F265F}
	EndGlobalSection
EndGlobal
